// !$*UTF8*$!
{
	archiveVersion = 1;
	classes = {
	};
	objectVersion = 55;
	objects = {

/* Begin PBXBuildFile section */
		8C57AFF7280334AE00305414 /* ViagemTableViewCell.swift in Sources */ = {isa = PBXBuildFile; fileRef = 8C57AFF5280334AE00305414 /* ViagemTableViewCell.swift */; };
		8C57AFF8280334AE00305414 /* ViagemTableViewCell.xib in Resources */ = {isa = PBXBuildFile; fileRef = 8C57AFF6280334AE00305414 /* ViagemTableViewCell.xib */; };
		8C57AFFB28033D6D00305414 /* server-response.json in Resources */ = {isa = PBXBuildFile; fileRef = 8C57AFFA28033D6D00305414 /* server-response.json */; };
		8C57B00428033DBD00305414 /* UIView+Extension.swift in Sources */ = {isa = PBXBuildFile; fileRef = 8C57B00328033DBD00305414 /* UIView+Extension.swift */; };
		8C57B00928033E9F00305414 /* DecodableData.swift in Sources */ = {isa = PBXBuildFile; fileRef = 8C57B00828033E9F00305414 /* DecodableData.swift */; };
		8C57B00C28033EAB00305414 /* Viagem.swift in Sources */ = {isa = PBXBuildFile; fileRef = 8C57B00A28033EAB00305414 /* Viagem.swift */; };
		8C57B00D28033EAB00305414 /* TiposDeViagens.swift in Sources */ = {isa = PBXBuildFile; fileRef = 8C57B00B28033EAB00305414 /* TiposDeViagens.swift */; };
		8C57B00F28033EE500305414 /* ViagemViewModel.swift in Sources */ = {isa = PBXBuildFile; fileRef = 8C57B00E28033EE500305414 /* ViagemViewModel.swift */; };
		8C57B01128033F8C00305414 /* ViagemDestaqueViewModel.swift in Sources */ = {isa = PBXBuildFile; fileRef = 8C57B01028033F8C00305414 /* ViagemDestaqueViewModel.swift */; };
		8CDA8DFE28022D9F005E69C0 /* AppDelegate.swift in Sources */ = {isa = PBXBuildFile; fileRef = 8CDA8DFD28022D9F005E69C0 /* AppDelegate.swift */; };
		8CDA8E0028022D9F005E69C0 /* SceneDelegate.swift in Sources */ = {isa = PBXBuildFile; fileRef = 8CDA8DFF28022D9F005E69C0 /* SceneDelegate.swift */; };
		8CDA8E0228022D9F005E69C0 /* ViewController.swift in Sources */ = {isa = PBXBuildFile; fileRef = 8CDA8E0128022D9F005E69C0 /* ViewController.swift */; };
		8CDA8E0528022D9F005E69C0 /* Main.storyboard in Resources */ = {isa = PBXBuildFile; fileRef = 8CDA8E0328022D9F005E69C0 /* Main.storyboard */; };
		8CDA8E0728022DA1005E69C0 /* Assets.xcassets in Resources */ = {isa = PBXBuildFile; fileRef = 8CDA8E0628022DA1005E69C0 /* Assets.xcassets */; };
		8CDA8E0A28022DA1005E69C0 /* LaunchScreen.storyboard in Resources */ = {isa = PBXBuildFile; fileRef = 8CDA8E0828022DA1005E69C0 /* LaunchScreen.storyboard */; };
		8CDA8E1228023166005E69C0 /* HomeTableViewHeader.xib in Resources */ = {isa = PBXBuildFile; fileRef = 8CDA8E1128023166005E69C0 /* HomeTableViewHeader.xib */; };
		8CDA8E16280233ED005E69C0 /* HomeTableViewHeader.swift in Sources */ = {isa = PBXBuildFile; fileRef = 8CDA8E15280233ED005E69C0 /* HomeTableViewHeader.swift */; };
/* End PBXBuildFile section */

/* Begin PBXFileReference section */
		8C57AFF5280334AE00305414 /* ViagemTableViewCell.swift */ = {isa = PBXFileReference; lastKnownFileType = sourcecode.swift; path = ViagemTableViewCell.swift; sourceTree = "<group>"; };
		8C57AFF6280334AE00305414 /* ViagemTableViewCell.xib */ = {isa = PBXFileReference; lastKnownFileType = file.xib; path = ViagemTableViewCell.xib; sourceTree = "<group>"; };
		8C57AFFA28033D6D00305414 /* server-response.json */ = {isa = PBXFileReference; fileEncoding = 4; lastKnownFileType = text.json; name = "server-response.json"; path = "../../../../../Downloads/Arquivos Swift/arquivos/server-response.json"; sourceTree = "<group>"; };
		8C57B00328033DBD00305414 /* UIView+Extension.swift */ = {isa = PBXFileReference; fileEncoding = 4; lastKnownFileType = sourcecode.swift; name = "UIView+Extension.swift"; path = "../../../../../Downloads/Arquivos Swift/arquivos/UIView+Extension.swift"; sourceTree = "<group>"; };
		8C57B00828033E9F00305414 /* DecodableData.swift */ = {isa = PBXFileReference; fileEncoding = 4; lastKnownFileType = sourcecode.swift; name = DecodableData.swift; path = "../../../../../Downloads/Arquivos Swift/arquivos/DecodableData.swift"; sourceTree = "<group>"; };
		8C57B00A28033EAB00305414 /* Viagem.swift */ = {isa = PBXFileReference; fileEncoding = 4; lastKnownFileType = sourcecode.swift; name = Viagem.swift; path = "../../../../../Downloads/Arquivos Swift/arquivos/Viagem.swift"; sourceTree = "<group>"; };
		8C57B00B28033EAB00305414 /* TiposDeViagens.swift */ = {isa = PBXFileReference; fileEncoding = 4; lastKnownFileType = sourcecode.swift; name = TiposDeViagens.swift; path = "../../../../../Downloads/Arquivos Swift/arquivos/TiposDeViagens.swift"; sourceTree = "<group>"; };
		8C57B00E28033EE500305414 /* ViagemViewModel.swift */ = {isa = PBXFileReference; lastKnownFileType = sourcecode.swift; path = ViagemViewModel.swift; sourceTree = "<group>"; };
		8C57B01028033F8C00305414 /* ViagemDestaqueViewModel.swift */ = {isa = PBXFileReference; lastKnownFileType = sourcecode.swift; path = ViagemDestaqueViewModel.swift; sourceTree = "<group>"; };
		8CDA8DFA28022D9F005E69C0 /* AluraViagens.app */ = {isa = PBXFileReference; explicitFileType = wrapper.application; includeInIndex = 0; path = AluraViagens.app; sourceTree = BUILT_PRODUCTS_DIR; };
		8CDA8DFD28022D9F005E69C0 /* AppDelegate.swift */ = {isa = PBXFileReference; lastKnownFileType = sourcecode.swift; path = AppDelegate.swift; sourceTree = "<group>"; };
		8CDA8DFF28022D9F005E69C0 /* SceneDelegate.swift */ = {isa = PBXFileReference; lastKnownFileType = sourcecode.swift; path = SceneDelegate.swift; sourceTree = "<group>"; };
		8CDA8E0128022D9F005E69C0 /* ViewController.swift */ = {isa = PBXFileReference; lastKnownFileType = sourcecode.swift; path = ViewController.swift; sourceTree = "<group>"; };
		8CDA8E0428022D9F005E69C0 /* Base */ = {isa = PBXFileReference; lastKnownFileType = file.storyboard; name = Base; path = Base.lproj/Main.storyboard; sourceTree = "<group>"; };
		8CDA8E0628022DA1005E69C0 /* Assets.xcassets */ = {isa = PBXFileReference; lastKnownFileType = folder.assetcatalog; path = Assets.xcassets; sourceTree = "<group>"; };
		8CDA8E0928022DA1005E69C0 /* Base */ = {isa = PBXFileReference; lastKnownFileType = file.storyboard; name = Base; path = Base.lproj/LaunchScreen.storyboard; sourceTree = "<group>"; };
		8CDA8E0B28022DA1005E69C0 /* Info.plist */ = {isa = PBXFileReference; lastKnownFileType = text.plist.xml; path = Info.plist; sourceTree = "<group>"; };
		8CDA8E1128023166005E69C0 /* HomeTableViewHeader.xib */ = {isa = PBXFileReference; lastKnownFileType = file.xib; path = HomeTableViewHeader.xib; sourceTree = "<group>"; };
		8CDA8E15280233ED005E69C0 /* HomeTableViewHeader.swift */ = {isa = PBXFileReference; lastKnownFileType = sourcecode.swift; path = HomeTableViewHeader.swift; sourceTree = "<group>"; };
/* End PBXFileReference section */

/* Begin PBXFrameworksBuildPhase section */
		8CDA8DF728022D9E005E69C0 /* Frameworks */ = {
			isa = PBXFrameworksBuildPhase;
			buildActionMask = 2147483647;
			files = (
			);
			runOnlyForDeploymentPostprocessing = 0;
		};
/* End PBXFrameworksBuildPhase section */

/* Begin PBXGroup section */
		8C57AFF42803346600305414 /* Cells */ = {
			isa = PBXGroup;
			children = (
				8C57AFF5280334AE00305414 /* ViagemTableViewCell.swift */,
				8C57AFF6280334AE00305414 /* ViagemTableViewCell.xib */,
			);
			path = Cells;
			sourceTree = "<group>";
		};
		8C57AFF928033D4500305414 /* Mock */ = {
			isa = PBXGroup;
			children = (
				8C57AFFA28033D6D00305414 /* server-response.json */,
			);
			path = Mock;
			sourceTree = "<group>";
		};
		8C57B00228033DA200305414 /* Extensions */ = {
			isa = PBXGroup;
			children = (
				8C57B00328033DBD00305414 /* UIView+Extension.swift */,
			);
			path = Extensions;
			sourceTree = "<group>";
		};
		8CDA8DF128022D9E005E69C0 = {
			isa = PBXGroup;
			children = (
				8CDA8DFC28022D9F005E69C0 /* AluraViagens */,
				8CDA8DFB28022D9F005E69C0 /* Products */,
			);
			sourceTree = "<group>";
		};
		8CDA8DFB28022D9F005E69C0 /* Products */ = {
			isa = PBXGroup;
			children = (
				8CDA8DFA28022D9F005E69C0 /* AluraViagens.app */,
			);
			name = Products;
			sourceTree = "<group>";
		};
		8CDA8DFC28022D9F005E69C0 /* AluraViagens */ = {
			isa = PBXGroup;
			children = (
				8CDA8E1728025549005E69C0 /* AppDelegate */,
				8CDA8E182802556B005E69C0 /* Model */,
				8CDA8E1928025594005E69C0 /* View */,
				8CDA8E1B280255CE005E69C0 /* ViewModel */,
				8C57AFF928033D4500305414 /* Mock */,
				8C57B00228033DA200305414 /* Extensions */,
				8CDA8E0628022DA1005E69C0 /* Assets.xcassets */,
				8CDA8E0828022DA1005E69C0 /* LaunchScreen.storyboard */,
				8CDA8E0B28022DA1005E69C0 /* Info.plist */,
			);
			path = AluraViagens;
			sourceTree = "<group>";
		};
		8CDA8E1728025549005E69C0 /* AppDelegate */ = {
			isa = PBXGroup;
			children = (
				8CDA8DFD28022D9F005E69C0 /* AppDelegate.swift */,
				8CDA8DFF28022D9F005E69C0 /* SceneDelegate.swift */,
			);
			path = AppDelegate;
			sourceTree = "<group>";
		};
		8CDA8E182802556B005E69C0 /* Model */ = {
			isa = PBXGroup;
			children = (
				8C57B00B28033EAB00305414 /* TiposDeViagens.swift */,
				8C57B00A28033EAB00305414 /* Viagem.swift */,
				8C57B00828033E9F00305414 /* DecodableData.swift */,
			);
			path = Model;
			sourceTree = "<group>";
		};
		8CDA8E1928025594005E69C0 /* View */ = {
			isa = PBXGroup;
			children = (
				8CDA8E1A280255B2005E69C0 /* Header */,
				8C57AFF42803346600305414 /* Cells */,
				8CDA8E0128022D9F005E69C0 /* ViewController.swift */,
				8CDA8E0328022D9F005E69C0 /* Main.storyboard */,
			);
			path = View;
			sourceTree = "<group>";
		};
		8CDA8E1A280255B2005E69C0 /* Header */ = {
			isa = PBXGroup;
			children = (
				8CDA8E1128023166005E69C0 /* HomeTableViewHeader.xib */,
				8CDA8E15280233ED005E69C0 /* HomeTableViewHeader.swift */,
			);
			path = Header;
			sourceTree = "<group>";
		};
		8CDA8E1B280255CE005E69C0 /* ViewModel */ = {
			isa = PBXGroup;
			children = (
				8C57B00E28033EE500305414 /* ViagemViewModel.swift */,
				8C57B01028033F8C00305414 /* ViagemDestaqueViewModel.swift */,
			);
			path = ViewModel;
			sourceTree = "<group>";
		};
/* End PBXGroup section */

/* Begin PBXNativeTarget section */
		8CDA8DF928022D9E005E69C0 /* AluraViagens */ = {
			isa = PBXNativeTarget;
			buildConfigurationList = 8CDA8E0E28022DA1005E69C0 /* Build configuration list for PBXNativeTarget "AluraViagens" */;
			buildPhases = (
				8CDA8DF628022D9E005E69C0 /* Sources */,
				8CDA8DF728022D9E005E69C0 /* Frameworks */,
				8CDA8DF828022D9E005E69C0 /* Resources */,
			);
			buildRules = (
			);
			dependencies = (
			);
			name = AluraViagens;
			productName = AluraViagens;
			productReference = 8CDA8DFA28022D9F005E69C0 /* AluraViagens.app */;
			productType = "com.apple.product-type.application";
		};
/* End PBXNativeTarget section */

/* Begin PBXProject section */
		8CDA8DF228022D9E005E69C0 /* Project object */ = {
			isa = PBXProject;
			attributes = {
				BuildIndependentTargetsInParallel = 1;
				LastSwiftUpdateCheck = 1330;
				LastUpgradeCheck = 1330;
				TargetAttributes = {
					8CDA8DF928022D9E005E69C0 = {
						CreatedOnToolsVersion = 13.3;
					};
				};
			};
			buildConfigurationList = 8CDA8DF528022D9E005E69C0 /* Build configuration list for PBXProject "AluraViagens" */;
			compatibilityVersion = "Xcode 13.0";
			developmentRegion = en;
			hasScannedForEncodings = 0;
			knownRegions = (
				en,
				Base,
			);
			mainGroup = 8CDA8DF128022D9E005E69C0;
			productRefGroup = 8CDA8DFB28022D9F005E69C0 /* Products */;
			projectDirPath = "";
			projectRoot = "";
			targets = (
				8CDA8DF928022D9E005E69C0 /* AluraViagens */,
			);
		};
/* End PBXProject section */

/* Begin PBXResourcesBuildPhase section */
		8CDA8DF828022D9E005E69C0 /* Resources */ = {
			isa = PBXResourcesBuildPhase;
			buildActionMask = 2147483647;
			files = (
				8CDA8E0A28022DA1005E69C0 /* LaunchScreen.storyboard in Resources */,
				8C57AFFB28033D6D00305414 /* server-response.json in Resources */,
				8CDA8E1228023166005E69C0 /* HomeTableViewHeader.xib in Resources */,
				8CDA8E0728022DA1005E69C0 /* Assets.xcassets in Resources */,
				8CDA8E0528022D9F005E69C0 /* Main.storyboard in Resources */,
				8C57AFF8280334AE00305414 /* ViagemTableViewCell.xib in Resources */,
			);
			runOnlyForDeploymentPostprocessing = 0;
		};
/* End PBXResourcesBuildPhase section */

/* Begin PBXSourcesBuildPhase section */
		8CDA8DF628022D9E005E69C0 /* Sources */ = {
			isa = PBXSourcesBuildPhase;
			buildActionMask = 2147483647;
			files = (
				8C57B00C28033EAB00305414 /* Viagem.swift in Sources */,
				8CDA8E0228022D9F005E69C0 /* ViewController.swift in Sources */,
				8C57AFF7280334AE00305414 /* ViagemTableViewCell.swift in Sources */,
				8C57B00428033DBD00305414 /* UIView+Extension.swift in Sources */,
				8CDA8E16280233ED005E69C0 /* HomeTableViewHeader.swift in Sources */,
				8C57B00D28033EAB00305414 /* TiposDeViagens.swift in Sources */,
				8C57B00928033E9F00305414 /* DecodableData.swift in Sources */,
				8CDA8DFE28022D9F005E69C0 /* AppDelegate.swift in Sources */,
				8CDA8E0028022D9F005E69C0 /* SceneDelegate.swift in Sources */,
				8C57B00F28033EE500305414 /* ViagemViewModel.swift in Sources */,
				8C57B01128033F8C00305414 /* ViagemDestaqueViewModel.swift in Sources */,
			);
			runOnlyForDeploymentPostprocessing = 0;
		};
/* End PBXSourcesBuildPhase section */

/* Begin PBXVariantGroup section */
		8CDA8E0328022D9F005E69C0 /* Main.storyboard */ = {
			isa = PBXVariantGroup;
			children = (
				8CDA8E0428022D9F005E69C0 /* Base */,
			);
			name = Main.storyboard;
			sourceTree = "<group>";
		};
		8CDA8E0828022DA1005E69C0 /* LaunchScreen.storyboard */ = {
			isa = PBXVariantGroup;
			children = (
				8CDA8E0928022DA1005E69C0 /* Base */,
			);
			name = LaunchScreen.storyboard;
			sourceTree = "<group>";
		};
/* End PBXVariantGroup section */

/* Begin XCBuildConfiguration section */
		8CDA8E0C28022DA1005E69C0 /* Debug */ = {
			isa = XCBuildConfiguration;
			buildSettings = {
				ALWAYS_SEARCH_USER_PATHS = NO;
				CLANG_ANALYZER_NONNULL = YES;
				CLANG_ANALYZER_NUMBER_OBJECT_CONVERSION = YES_AGGRESSIVE;
				CLANG_CXX_LANGUAGE_STANDARD = "gnu++17";
				CLANG_ENABLE_MODULES = YES;
				CLANG_ENABLE_OBJC_ARC = YES;
				CLANG_ENABLE_OBJC_WEAK = YES;
				CLANG_WARN_BLOCK_CAPTURE_AUTORELEASING = YES;
				CLANG_WARN_BOOL_CONVERSION = YES;
				CLANG_WARN_COMMA = YES;
				CLANG_WARN_CONSTANT_CONVERSION = YES;
				CLANG_WARN_DEPRECATED_OBJC_IMPLEMENTATIONS = YES;
				CLANG_WARN_DIRECT_OBJC_ISA_USAGE = YES_ERROR;
				CLANG_WARN_DOCUMENTATION_COMMENTS = YES;
				CLANG_WARN_EMPTY_BODY = YES;
				CLANG_WARN_ENUM_CONVERSION = YES;
				CLANG_WARN_INFINITE_RECURSION = YES;
				CLANG_WARN_INT_CONVERSION = YES;
				CLANG_WARN_NON_LITERAL_NULL_CONVERSION = YES;
				CLANG_WARN_OBJC_IMPLICIT_RETAIN_SELF = YES;
				CLANG_WARN_OBJC_LITERAL_CONVERSION = YES;
				CLANG_WARN_OBJC_ROOT_CLASS = YES_ERROR;
				CLANG_WARN_QUOTED_INCLUDE_IN_FRAMEWORK_HEADER = YES;
				CLANG_WARN_RANGE_LOOP_ANALYSIS = YES;
				CLANG_WARN_STRICT_PROTOTYPES = YES;
				CLANG_WARN_SUSPICIOUS_MOVE = YES;
				CLANG_WARN_UNGUARDED_AVAILABILITY = YES_AGGRESSIVE;
				CLANG_WARN_UNREACHABLE_CODE = YES;
				CLANG_WARN__DUPLICATE_METHOD_MATCH = YES;
				COPY_PHASE_STRIP = NO;
				DEBUG_INFORMATION_FORMAT = dwarf;
				ENABLE_STRICT_OBJC_MSGSEND = YES;
				ENABLE_TESTABILITY = YES;
				GCC_C_LANGUAGE_STANDARD = gnu11;
				GCC_DYNAMIC_NO_PIC = NO;
				GCC_NO_COMMON_BLOCKS = YES;
				GCC_OPTIMIZATION_LEVEL = 0;
				GCC_PREPROCESSOR_DEFINITIONS = (
					"DEBUG=1",
					"$(inherited)",
				);
				GCC_WARN_64_TO_32_BIT_CONVERSION = YES;
				GCC_WARN_ABOUT_RETURN_TYPE = YES_ERROR;
				GCC_WARN_UNDECLARED_SELECTOR = YES;
				GCC_WARN_UNINITIALIZED_AUTOS = YES_AGGRESSIVE;
				GCC_WARN_UNUSED_FUNCTION = YES;
				GCC_WARN_UNUSED_VARIABLE = YES;
				IPHONEOS_DEPLOYMENT_TARGET = 15.4;
				MTL_ENABLE_DEBUG_INFO = INCLUDE_SOURCE;
				MTL_FAST_MATH = YES;
				ONLY_ACTIVE_ARCH = YES;
				SDKROOT = iphoneos;
				SWIFT_ACTIVE_COMPILATION_CONDITIONS = DEBUG;
				SWIFT_OPTIMIZATION_LEVEL = "-Onone";
			};
			name = Debug;
		};
		8CDA8E0D28022DA1005E69C0 /* Release */ = {
			isa = XCBuildConfiguration;
			buildSettings = {
				ALWAYS_SEARCH_USER_PATHS = NO;
				CLANG_ANALYZER_NONNULL = YES;
				CLANG_ANALYZER_NUMBER_OBJECT_CONVERSION = YES_AGGRESSIVE;
				CLANG_CXX_LANGUAGE_STANDARD = "gnu++17";
				CLANG_ENABLE_MODULES = YES;
				CLANG_ENABLE_OBJC_ARC = YES;
				CLANG_ENABLE_OBJC_WEAK = YES;
				CLANG_WARN_BLOCK_CAPTURE_AUTORELEASING = YES;
				CLANG_WARN_BOOL_CONVERSION = YES;
				CLANG_WARN_COMMA = YES;
				CLANG_WARN_CONSTANT_CONVERSION = YES;
				CLANG_WARN_DEPRECATED_OBJC_IMPLEMENTATIONS = YES;
				CLANG_WARN_DIRECT_OBJC_ISA_USAGE = YES_ERROR;
				CLANG_WARN_DOCUMENTATION_COMMENTS = YES;
				CLANG_WARN_EMPTY_BODY = YES;
				CLANG_WARN_ENUM_CONVERSION = YES;
				CLANG_WARN_INFINITE_RECURSION = YES;
				CLANG_WARN_INT_CONVERSION = YES;
				CLANG_WARN_NON_LITERAL_NULL_CONVERSION = YES;
				CLANG_WARN_OBJC_IMPLICIT_RETAIN_SELF = YES;
				CLANG_WARN_OBJC_LITERAL_CONVERSION = YES;
				CLANG_WARN_OBJC_ROOT_CLASS = YES_ERROR;
				CLANG_WARN_QUOTED_INCLUDE_IN_FRAMEWORK_HEADER = YES;
				CLANG_WARN_RANGE_LOOP_ANALYSIS = YES;
				CLANG_WARN_STRICT_PROTOTYPES = YES;
				CLANG_WARN_SUSPICIOUS_MOVE = YES;
				CLANG_WARN_UNGUARDED_AVAILABILITY = YES_AGGRESSIVE;
				CLANG_WARN_UNREACHABLE_CODE = YES;
				CLANG_WARN__DUPLICATE_METHOD_MATCH = YES;
				COPY_PHASE_STRIP = NO;
				DEBUG_INFORMATION_FORMAT = "dwarf-with-dsym";
				ENABLE_NS_ASSERTIONS = NO;
				ENABLE_STRICT_OBJC_MSGSEND = YES;
				GCC_C_LANGUAGE_STANDARD = gnu11;
				GCC_NO_COMMON_BLOCKS = YES;
				GCC_WARN_64_TO_32_BIT_CONVERSION = YES;
				GCC_WARN_ABOUT_RETURN_TYPE = YES_ERROR;
				GCC_WARN_UNDECLARED_SELECTOR = YES;
				GCC_WARN_UNINITIALIZED_AUTOS = YES_AGGRESSIVE;
				GCC_WARN_UNUSED_FUNCTION = YES;
				GCC_WARN_UNUSED_VARIABLE = YES;
				IPHONEOS_DEPLOYMENT_TARGET = 15.4;
				MTL_ENABLE_DEBUG_INFO = NO;
				MTL_FAST_MATH = YES;
				SDKROOT = iphoneos;
				SWIFT_COMPILATION_MODE = wholemodule;
				SWIFT_OPTIMIZATION_LEVEL = "-O";
				VALIDATE_PRODUCT = YES;
			};
			name = Release;
		};
		8CDA8E0F28022DA1005E69C0 /* Debug */ = {
			isa = XCBuildConfiguration;
			buildSettings = {
				ASSETCATALOG_COMPILER_APPICON_NAME = AppIcon;
				ASSETCATALOG_COMPILER_GLOBAL_ACCENT_COLOR_NAME = AccentColor;
				CODE_SIGN_STYLE = Automatic;
				CURRENT_PROJECT_VERSION = 1;
				DEVELOPMENT_TEAM = JPC4MQ5K9W;
				GENERATE_INFOPLIST_FILE = YES;
				INFOPLIST_FILE = AluraViagens/Info.plist;
				INFOPLIST_KEY_UIApplicationSupportsIndirectInputEvents = YES;
				INFOPLIST_KEY_UILaunchStoryboardName = LaunchScreen;
				INFOPLIST_KEY_UIMainStoryboardFile = Main;
				INFOPLIST_KEY_UISupportedInterfaceOrientations_iPad = "UIInterfaceOrientationPortrait UIInterfaceOrientationPortraitUpsideDown UIInterfaceOrientationLandscapeLeft UIInterfaceOrientationLandscapeRight";
				INFOPLIST_KEY_UISupportedInterfaceOrientations_iPhone = "UIInterfaceOrientationPortrait UIInterfaceOrientationLandscapeLeft UIInterfaceOrientationLandscapeRight";
				LD_RUNPATH_SEARCH_PATHS = (
					"$(inherited)",
					"@executable_path/Frameworks",
				);
				MARKETING_VERSION = 1.0;
				PRODUCT_BUNDLE_IDENTIFIER = afc.AluraViagens;
				PRODUCT_NAME = "$(TARGET_NAME)";
				SWIFT_EMIT_LOC_STRINGS = YES;
				SWIFT_VERSION = 5.0;
				TARGETED_DEVICE_FAMILY = "1,2";
			};
			name = Debug;
		};
		8CDA8E1028022DA1005E69C0 /* Release */ = {
			isa = XCBuildConfiguration;
			buildSettings = {
				ASSETCATALOG_COMPILER_APPICON_NAME = AppIcon;
				ASSETCATALOG_COMPILER_GLOBAL_ACCENT_COLOR_NAME = AccentColor;
				CODE_SIGN_STYLE = Automatic;
				CURRENT_PROJECT_VERSION = 1;
				DEVELOPMENT_TEAM = JPC4MQ5K9W;
				GENERATE_INFOPLIST_FILE = YES;
				INFOPLIST_FILE = AluraViagens/Info.plist;
				INFOPLIST_KEY_UIApplicationSupportsIndirectInputEvents = YES;
				INFOPLIST_KEY_UILaunchStoryboardName = LaunchScreen;
				INFOPLIST_KEY_UIMainStoryboardFile = Main;
				INFOPLIST_KEY_UISupportedInterfaceOrientations_iPad = "UIInterfaceOrientationPortrait UIInterfaceOrientationPortraitUpsideDown UIInterfaceOrientationLandscapeLeft UIInterfaceOrientationLandscapeRight";
				INFOPLIST_KEY_UISupportedInterfaceOrientations_iPhone = "UIInterfaceOrientationPortrait UIInterfaceOrientationLandscapeLeft UIInterfaceOrientationLandscapeRight";
				LD_RUNPATH_SEARCH_PATHS = (
					"$(inherited)",
					"@executable_path/Frameworks",
				);
				MARKETING_VERSION = 1.0;
				PRODUCT_BUNDLE_IDENTIFIER = afc.AluraViagens;
				PRODUCT_NAME = "$(TARGET_NAME)";
				SWIFT_EMIT_LOC_STRINGS = YES;
				SWIFT_VERSION = 5.0;
				TARGETED_DEVICE_FAMILY = "1,2";
			};
			name = Release;
		};
/* End XCBuildConfiguration section */

/* Begin XCConfigurationList section */
		8CDA8DF528022D9E005E69C0 /* Build configuration list for PBXProject "AluraViagens" */ = {
			isa = XCConfigurationList;
			buildConfigurations = (
				8CDA8E0C28022DA1005E69C0 /* Debug */,
				8CDA8E0D28022DA1005E69C0 /* Release */,
			);
			defaultConfigurationIsVisible = 0;
			defaultConfigurationName = Release;
		};
		8CDA8E0E28022DA1005E69C0 /* Build configuration list for PBXNativeTarget "AluraViagens" */ = {
			isa = XCConfigurationList;
			buildConfigurations = (
				8CDA8E0F28022DA1005E69C0 /* Debug */,
				8CDA8E1028022DA1005E69C0 /* Release */,
			);
			defaultConfigurationIsVisible = 0;
			defaultConfigurationName = Release;
		};
/* End XCConfigurationList section */
	};
	rootObject = 8CDA8DF228022D9E005E69C0 /* Project object */;
}
